// !$*UTF8*$!
{
	archiveVersion = 1;
	classes = {
	};
	objectVersion = 55;
	objects = {

/* Begin PBXBuildFile section */
		F2CA7B1427030633004CCBB0 /* AppDelegate.swift in Sources */ = {isa = PBXBuildFile; fileRef = F2CA7B1327030633004CCBB0 /* AppDelegate.swift */; };
		F2CA7B1627030633004CCBB0 /* SceneDelegate.swift in Sources */ = {isa = PBXBuildFile; fileRef = F2CA7B1527030633004CCBB0 /* SceneDelegate.swift */; };
		F2CA7B1827030633004CCBB0 /* ViewController.swift in Sources */ = {isa = PBXBuildFile; fileRef = F2CA7B1727030633004CCBB0 /* ViewController.swift */; };
		F2CA7B1B27030633004CCBB0 /* Main.storyboard in Resources */ = {isa = PBXBuildFile; fileRef = F2CA7B1927030633004CCBB0 /* Main.storyboard */; };
		F2CA7B1D27030634004CCBB0 /* Assets.xcassets in Resources */ = {isa = PBXBuildFile; fileRef = F2CA7B1C27030634004CCBB0 /* Assets.xcassets */; };
		F2CA7B2027030634004CCBB0 /* LaunchScreen.storyboard in Resources */ = {isa = PBXBuildFile; fileRef = F2CA7B1E27030634004CCBB0 /* LaunchScreen.storyboard */; };
		F2CA7B2B27030634004CCBB0 /* githubTestTests.swift in Sources */ = {isa = PBXBuildFile; fileRef = F2CA7B2A27030634004CCBB0 /* githubTestTests.swift */; };
		F2CA7B3527030634004CCBB0 /* githubTestUITests.swift in Sources */ = {isa = PBXBuildFile; fileRef = F2CA7B3427030634004CCBB0 /* githubTestUITests.swift */; };
		F2CA7B3727030634004CCBB0 /* githubTestUITestsLaunchTests.swift in Sources */ = {isa = PBXBuildFile; fileRef = F2CA7B3627030634004CCBB0 /* githubTestUITestsLaunchTests.swift */; };
/* End PBXBuildFile section */

/* Begin PBXContainerItemProxy section */
		F2CA7B2727030634004CCBB0 /* PBXContainerItemProxy */ = {
			isa = PBXContainerItemProxy;
			containerPortal = F2CA7B0827030633004CCBB0 /* Project object */;
			proxyType = 1;
			remoteGlobalIDString = F2CA7B0F27030633004CCBB0;
			remoteInfo = githubTest;
		};
		F2CA7B3127030634004CCBB0 /* PBXContainerItemProxy */ = {
			isa = PBXContainerItemProxy;
			containerPortal = F2CA7B0827030633004CCBB0 /* Project object */;
			proxyType = 1;
			remoteGlobalIDString = F2CA7B0F27030633004CCBB0;
			remoteInfo = githubTest;
		};
/* End PBXContainerItemProxy section */

/* Begin PBXFileReference section */
		F2CA7B1027030633004CCBB0 /* githubTest.app */ = {isa = PBXFileReference; explicitFileType = wrapper.application; includeInIndex = 0; path = githubTest.app; sourceTree = BUILT_PRODUCTS_DIR; };
		F2CA7B1327030633004CCBB0 /* AppDelegate.swift */ = {isa = PBXFileReference; lastKnownFileType = sourcecode.swift; path = AppDelegate.swift; sourceTree = "<group>"; };
		F2CA7B1527030633004CCBB0 /* SceneDelegate.swift */ = {isa = PBXFileReference; lastKnownFileType = sourcecode.swift; path = SceneDelegate.swift; sourceTree = "<group>"; };
		F2CA7B1727030633004CCBB0 /* ViewController.swift */ = {isa = PBXFileReference; lastKnownFileType = sourcecode.swift; path = ViewController.swift; sourceTree = "<group>"; };
		F2CA7B1A27030633004CCBB0 /* Base */ = {isa = PBXFileReference; lastKnownFileType = file.storyboard; name = Base; path = Base.lproj/Main.storyboard; sourceTree = "<group>"; };
		F2CA7B1C27030634004CCBB0 /* Assets.xcassets */ = {isa = PBXFileReference; lastKnownFileType = folder.assetcatalog; path = Assets.xcassets; sourceTree = "<group>"; };
		F2CA7B1F27030634004CCBB0 /* Base */ = {isa = PBXFileReference; lastKnownFileType = file.storyboard; name = Base; path = Base.lproj/LaunchScreen.storyboard; sourceTree = "<group>"; };
		F2CA7B2127030634004CCBB0 /* Info.plist */ = {isa = PBXFileReference; lastKnownFileType = text.plist.xml; path = Info.plist; sourceTree = "<group>"; };
		F2CA7B2627030634004CCBB0 /* githubTestTests.xctest */ = {isa = PBXFileReference; explicitFileType = wrapper.cfbundle; includeInIndex = 0; path = githubTestTests.xctest; sourceTree = BUILT_PRODUCTS_DIR; };
		F2CA7B2A27030634004CCBB0 /* githubTestTests.swift */ = {isa = PBXFileReference; lastKnownFileType = sourcecode.swift; path = githubTestTests.swift; sourceTree = "<group>"; };
		F2CA7B3027030634004CCBB0 /* githubTestUITests.xctest */ = {isa = PBXFileReference; explicitFileType = wrapper.cfbundle; includeInIndex = 0; path = githubTestUITests.xctest; sourceTree = BUILT_PRODUCTS_DIR; };
		F2CA7B3427030634004CCBB0 /* githubTestUITests.swift */ = {isa = PBXFileReference; lastKnownFileType = sourcecode.swift; path = githubTestUITests.swift; sourceTree = "<group>"; };
		F2CA7B3627030634004CCBB0 /* githubTestUITestsLaunchTests.swift */ = {isa = PBXFileReference; lastKnownFileType = sourcecode.swift; path = githubTestUITestsLaunchTests.swift; sourceTree = "<group>"; };
/* End PBXFileReference section */

/* Begin PBXFrameworksBuildPhase section */
		F2CA7B0D27030633004CCBB0 /* Frameworks */ = {
			isa = PBXFrameworksBuildPhase;
			buildActionMask = 2147483647;
			files = (
			);
			runOnlyForDeploymentPostprocessing = 0;
		};
		F2CA7B2327030634004CCBB0 /* Frameworks */ = {
			isa = PBXFrameworksBuildPhase;
			buildActionMask = 2147483647;
			files = (
			);
			runOnlyForDeploymentPostprocessing = 0;
		};
		F2CA7B2D27030634004CCBB0 /* Frameworks */ = {
			isa = PBXFrameworksBuildPhase;
			buildActionMask = 2147483647;
			files = (
			);
			runOnlyForDeploymentPostprocessing = 0;
		};
/* End PBXFrameworksBuildPhase section */

/* Begin PBXGroup section */
		F2CA7B0727030633004CCBB0 = {
			isa = PBXGroup;
			children = (
				F2CA7B1227030633004CCBB0 /* githubTest */,
				F2CA7B2927030634004CCBB0 /* githubTestTests */,
				F2CA7B3327030634004CCBB0 /* githubTestUITests */,
				F2CA7B1127030633004CCBB0 /* Products */,
			);
			sourceTree = "<group>";
		};
		F2CA7B1127030633004CCBB0 /* Products */ = {
			isa = PBXGroup;
			children = (
				F2CA7B1027030633004CCBB0 /* githubTest.app */,
				F2CA7B2627030634004CCBB0 /* githubTestTests.xctest */,
				F2CA7B3027030634004CCBB0 /* githubTestUITests.xctest */,
			);
			name = Products;
			sourceTree = "<group>";
		};
		F2CA7B1227030633004CCBB0 /* githubTest */ = {
			isa = PBXGroup;
			children = (
				F2CA7B1327030633004CCBB0 /* AppDelegate.swift */,
				F2CA7B1527030633004CCBB0 /* SceneDelegate.swift */,
				F2CA7B1727030633004CCBB0 /* ViewController.swift */,
				F2CA7B1927030633004CCBB0 /* Main.storyboard */,
				F2CA7B1C27030634004CCBB0 /* Assets.xcassets */,
				F2CA7B1E27030634004CCBB0 /* LaunchScreen.storyboard */,
				F2CA7B2127030634004CCBB0 /* Info.plist */,
			);
			path = githubTest;
			sourceTree = "<group>";
		};
		F2CA7B2927030634004CCBB0 /* githubTestTests */ = {
			isa = PBXGroup;
			children = (
				F2CA7B2A27030634004CCBB0 /* githubTestTests.swift */,
			);
			path = githubTestTests;
			sourceTree = "<group>";
		};
		F2CA7B3327030634004CCBB0 /* githubTestUITests */ = {
			isa = PBXGroup;
			children = (
				F2CA7B3427030634004CCBB0 /* githubTestUITests.swift */,
				F2CA7B3627030634004CCBB0 /* githubTestUITestsLaunchTests.swift */,
			);
			path = githubTestUITests;
			sourceTree = "<group>";
		};
/* End PBXGroup section */

/* Begin PBXNativeTarget section */
		F2CA7B0F27030633004CCBB0 /* githubTest */ = {
			isa = PBXNativeTarget;
			buildConfigurationList = F2CA7B3A27030634004CCBB0 /* Build configuration list for PBXNativeTarget "githubTest" */;
			buildPhases = (
				F2CA7B0C27030633004CCBB0 /* Sources */,
				F2CA7B0D27030633004CCBB0 /* Frameworks */,
				F2CA7B0E27030633004CCBB0 /* Resources */,
			);
			buildRules = (
			);
			dependencies = (
			);
			name = githubTest;
			productName = githubTest;
			productReference = F2CA7B1027030633004CCBB0 /* githubTest.app */;
			productType = "com.apple.product-type.application";
		};
		F2CA7B2527030634004CCBB0 /* githubTestTests */ = {
			isa = PBXNativeTarget;
			buildConfigurationList = F2CA7B3D27030634004CCBB0 /* Build configuration list for PBXNativeTarget "githubTestTests" */;
			buildPhases = (
				F2CA7B2227030634004CCBB0 /* Sources */,
				F2CA7B2327030634004CCBB0 /* Frameworks */,
				F2CA7B2427030634004CCBB0 /* Resources */,
			);
			buildRules = (
			);
			dependencies = (
				F2CA7B2827030634004CCBB0 /* PBXTargetDependency */,
			);
			name = githubTestTests;
			productName = githubTestTests;
			productReference = F2CA7B2627030634004CCBB0 /* githubTestTests.xctest */;
			productType = "com.apple.product-type.bundle.unit-test";
		};
		F2CA7B2F27030634004CCBB0 /* githubTestUITests */ = {
			isa = PBXNativeTarget;
			buildConfigurationList = F2CA7B4027030634004CCBB0 /* Build configuration list for PBXNativeTarget "githubTestUITests" */;
			buildPhases = (
				F2CA7B2C27030634004CCBB0 /* Sources */,
				F2CA7B2D27030634004CCBB0 /* Frameworks */,
				F2CA7B2E27030634004CCBB0 /* Resources */,
			);
			buildRules = (
			);
			dependencies = (
				F2CA7B3227030634004CCBB0 /* PBXTargetDependency */,
			);
			name = githubTestUITests;
			productName = githubTestUITests;
			productReference = F2CA7B3027030634004CCBB0 /* githubTestUITests.xctest */;
			productType = "com.apple.product-type.bundle.ui-testing";
		};
/* End PBXNativeTarget section */

/* Begin PBXProject section */
		F2CA7B0827030633004CCBB0 /* Project object */ = {
			isa = PBXProject;
			attributes = {
				BuildIndependentTargetsInParallel = 1;
				LastSwiftUpdateCheck = 1300;
				LastUpgradeCheck = 1300;
				TargetAttributes = {
					F2CA7B0F27030633004CCBB0 = {
						CreatedOnToolsVersion = 13.0;
					};
					F2CA7B2527030634004CCBB0 = {
						CreatedOnToolsVersion = 13.0;
						TestTargetID = F2CA7B0F27030633004CCBB0;
					};
					F2CA7B2F27030634004CCBB0 = {
						CreatedOnToolsVersion = 13.0;
						TestTargetID = F2CA7B0F27030633004CCBB0;
					};
				};
			};
			buildConfigurationList = F2CA7B0B27030633004CCBB0 /* Build configuration list for PBXProject "githubTest" */;
			compatibilityVersion = "Xcode 13.0";
			developmentRegion = en;
			hasScannedForEncodings = 0;
			knownRegions = (
				en,
				Base,
			);
			mainGroup = F2CA7B0727030633004CCBB0;
			productRefGroup = F2CA7B1127030633004CCBB0 /* Products */;
			projectDirPath = "";
			projectRoot = "";
			targets = (
				F2CA7B0F27030633004CCBB0 /* githubTest */,
				F2CA7B2527030634004CCBB0 /* githubTestTests */,
				F2CA7B2F27030634004CCBB0 /* githubTestUITests */,
			);
		};
/* End PBXProject section */

/* Begin PBXResourcesBuildPhase section */
		F2CA7B0E27030633004CCBB0 /* Resources */ = {
			isa = PBXResourcesBuildPhase;
			buildActionMask = 2147483647;
			files = (
				F2CA7B2027030634004CCBB0 /* LaunchScreen.storyboard in Resources */,
				F2CA7B1D27030634004CCBB0 /* Assets.xcassets in Resources */,
				F2CA7B1B27030633004CCBB0 /* Main.storyboard in Resources */,
			);
			runOnlyForDeploymentPostprocessing = 0;
		};
		F2CA7B2427030634004CCBB0 /* Resources */ = {
			isa = PBXResourcesBuildPhase;
			buildActionMask = 2147483647;
			files = (
			);
			runOnlyForDeploymentPostprocessing = 0;
		};
		F2CA7B2E27030634004CCBB0 /* Resources */ = {
			isa = PBXResourcesBuildPhase;
			buildActionMask = 2147483647;
			files = (
			);
			runOnlyForDeploymentPostprocessing = 0;
		};
/* End PBXResourcesBuildPhase section */

/* Begin PBXSourcesBuildPhase section */
		F2CA7B0C27030633004CCBB0 /* Sources */ = {
			isa = PBXSourcesBuildPhase;
			buildActionMask = 2147483647;
			files = (
				F2CA7B1827030633004CCBB0 /* ViewController.swift in Sources */,
				F2CA7B1427030633004CCBB0 /* AppDelegate.swift in Sources */,
				F2CA7B1627030633004CCBB0 /* SceneDelegate.swift in Sources */,
			);
			runOnlyForDeploymentPostprocessing = 0;
		};
		F2CA7B2227030634004CCBB0 /* Sources */ = {
			isa = PBXSourcesBuildPhase;
			buildActionMask = 2147483647;
			files = (
				F2CA7B2B27030634004CCBB0 /* githubTestTests.swift in Sources */,
			);
			runOnlyForDeploymentPostprocessing = 0;
		};
		F2CA7B2C27030634004CCBB0 /* Sources */ = {
			isa = PBXSourcesBuildPhase;
			buildActionMask = 2147483647;
			files = (
				F2CA7B3527030634004CCBB0 /* githubTestUITests.swift in Sources */,
				F2CA7B3727030634004CCBB0 /* githubTestUITestsLaunchTests.swift in Sources */,
			);
			runOnlyForDeploymentPostprocessing = 0;
		};
/* End PBXSourcesBuildPhase section */

/* Begin PBXTargetDependency section */
		F2CA7B2827030634004CCBB0 /* PBXTargetDependency */ = {
			isa = PBXTargetDependency;
			target = F2CA7B0F27030633004CCBB0 /* githubTest */;
			targetProxy = F2CA7B2727030634004CCBB0 /* PBXContainerItemProxy */;
		};
		F2CA7B3227030634004CCBB0 /* PBXTargetDependency */ = {
			isa = PBXTargetDependency;
			target = F2CA7B0F27030633004CCBB0 /* githubTest */;
			targetProxy = F2CA7B3127030634004CCBB0 /* PBXContainerItemProxy */;
		};
/* End PBXTargetDependency section */

/* Begin PBXVariantGroup section */
		F2CA7B1927030633004CCBB0 /* Main.storyboard */ = {
			isa = PBXVariantGroup;
			children = (
				F2CA7B1A27030633004CCBB0 /* Base */,
			);
			name = Main.storyboard;
			sourceTree = "<group>";
		};
		F2CA7B1E27030634004CCBB0 /* LaunchScreen.storyboard */ = {
			isa = PBXVariantGroup;
			children = (
				F2CA7B1F27030634004CCBB0 /* Base */,
			);
			name = LaunchScreen.storyboard;
			sourceTree = "<group>";
		};
/* End PBXVariantGroup section */

/* Begin XCBuildConfiguration section */
		F2CA7B3827030634004CCBB0 /* Debug */ = {
			isa = XCBuildConfiguration;
			buildSettings = {
				ALWAYS_SEARCH_USER_PATHS = NO;
				CLANG_ANALYZER_NONNULL = YES;
				CLANG_ANALYZER_NUMBER_OBJECT_CONVERSION = YES_AGGRESSIVE;
				CLANG_CXX_LANGUAGE_STANDARD = "gnu++17";
				CLANG_CXX_LIBRARY = "libc++";
				CLANG_ENABLE_MODULES = YES;
				CLANG_ENABLE_OBJC_ARC = YES;
				CLANG_ENABLE_OBJC_WEAK = YES;
				CLANG_WARN_BLOCK_CAPTURE_AUTORELEASING = YES;
				CLANG_WARN_BOOL_CONVERSION = YES;
				CLANG_WARN_COMMA = YES;
				CLANG_WARN_CONSTANT_CONVERSION = YES;
				CLANG_WARN_DEPRECATED_OBJC_IMPLEMENTATIONS = YES;
				CLANG_WARN_DIRECT_OBJC_ISA_USAGE = YES_ERROR;
				CLANG_WARN_DOCUMENTATION_COMMENTS = YES;
				CLANG_WARN_EMPTY_BODY = YES;
				CLANG_WARN_ENUM_CONVERSION = YES;
				CLANG_WARN_INFINITE_RECURSION = YES;
				CLANG_WARN_INT_CONVERSION = YES;
				CLANG_WARN_NON_LITERAL_NULL_CONVERSION = YES;
				CLANG_WARN_OBJC_IMPLICIT_RETAIN_SELF = YES;
				CLANG_WARN_OBJC_LITERAL_CONVERSION = YES;
				CLANG_WARN_OBJC_ROOT_CLASS = YES_ERROR;
				CLANG_WARN_QUOTED_INCLUDE_IN_FRAMEWORK_HEADER = YES;
				CLANG_WARN_RANGE_LOOP_ANALYSIS = YES;
				CLANG_WARN_STRICT_PROTOTYPES = YES;
				CLANG_WARN_SUSPICIOUS_MOVE = YES;
				CLANG_WARN_UNGUARDED_AVAILABILITY = YES_AGGRESSIVE;
				CLANG_WARN_UNREACHABLE_CODE = YES;
				CLANG_WARN__DUPLICATE_METHOD_MATCH = YES;
				COPY_PHASE_STRIP = NO;
				DEBUG_INFORMATION_FORMAT = dwarf;
				ENABLE_STRICT_OBJC_MSGSEND = YES;
				ENABLE_TESTABILITY = YES;
				GCC_C_LANGUAGE_STANDARD = gnu11;
				GCC_DYNAMIC_NO_PIC = NO;
				GCC_NO_COMMON_BLOCKS = YES;
				GCC_OPTIMIZATION_LEVEL = 0;
				GCC_PREPROCESSOR_DEFINITIONS = (
					"DEBUG=1",
					"$(inherited)",
				);
				GCC_WARN_64_TO_32_BIT_CONVERSION = YES;
				GCC_WARN_ABOUT_RETURN_TYPE = YES_ERROR;
				GCC_WARN_UNDECLARED_SELECTOR = YES;
				GCC_WARN_UNINITIALIZED_AUTOS = YES_AGGRESSIVE;
				GCC_WARN_UNUSED_FUNCTION = YES;
				GCC_WARN_UNUSED_VARIABLE = YES;
				IPHONEOS_DEPLOYMENT_TARGET = 15.0;
				MTL_ENABLE_DEBUG_INFO = INCLUDE_SOURCE;
				MTL_FAST_MATH = YES;
				ONLY_ACTIVE_ARCH = YES;
				SDKROOT = iphoneos;
				SWIFT_ACTIVE_COMPILATION_CONDITIONS = DEBUG;
				SWIFT_OPTIMIZATION_LEVEL = "-Onone";
			};
			name = Debug;
		};
		F2CA7B3927030634004CCBB0 /* Release */ = {
			isa = XCBuildConfiguration;
			buildSettings = {
				ALWAYS_SEARCH_USER_PATHS = NO;
				CLANG_ANALYZER_NONNULL = YES;
				CLANG_ANALYZER_NUMBER_OBJECT_CONVERSION = YES_AGGRESSIVE;
				CLANG_CXX_LANGUAGE_STANDARD = "gnu++17";
				CLANG_CXX_LIBRARY = "libc++";
				CLANG_ENABLE_MODULES = YES;
				CLANG_ENABLE_OBJC_ARC = YES;
				CLANG_ENABLE_OBJC_WEAK = YES;
				CLANG_WARN_BLOCK_CAPTURE_AUTORELEASING = YES;
				CLANG_WARN_BOOL_CONVERSION = YES;
				CLANG_WARN_COMMA = YES;
				CLANG_WARN_CONSTANT_CONVERSION = YES;
				CLANG_WARN_DEPRECATED_OBJC_IMPLEMENTATIONS = YES;
				CLANG_WARN_DIRECT_OBJC_ISA_USAGE = YES_ERROR;
				CLANG_WARN_DOCUMENTATION_COMMENTS = YES;
				CLANG_WARN_EMPTY_BODY = YES;
				CLANG_WARN_ENUM_CONVERSION = YES;
				CLANG_WARN_INFINITE_RECURSION = YES;
				CLANG_WARN_INT_CONVERSION = YES;
				CLANG_WARN_NON_LITERAL_NULL_CONVERSION = YES;
				CLANG_WARN_OBJC_IMPLICIT_RETAIN_SELF = YES;
				CLANG_WARN_OBJC_LITERAL_CONVERSION = YES;
				CLANG_WARN_OBJC_ROOT_CLASS = YES_ERROR;
				CLANG_WARN_QUOTED_INCLUDE_IN_FRAMEWORK_HEADER = YES;
				CLANG_WARN_RANGE_LOOP_ANALYSIS = YES;
				CLANG_WARN_STRICT_PROTOTYPES = YES;
				CLANG_WARN_SUSPICIOUS_MOVE = YES;
				CLANG_WARN_UNGUARDED_AVAILABILITY = YES_AGGRESSIVE;
				CLANG_WARN_UNREACHABLE_CODE = YES;
				CLANG_WARN__DUPLICATE_METHOD_MATCH = YES;
				COPY_PHASE_STRIP = NO;
				DEBUG_INFORMATION_FORMAT = "dwarf-with-dsym";
				ENABLE_NS_ASSERTIONS = NO;
				ENABLE_STRICT_OBJC_MSGSEND = YES;
				GCC_C_LANGUAGE_STANDARD = gnu11;
				GCC_NO_COMMON_BLOCKS = YES;
				GCC_WARN_64_TO_32_BIT_CONVERSION = YES;
				GCC_WARN_ABOUT_RETURN_TYPE = YES_ERROR;
				GCC_WARN_UNDECLARED_SELECTOR = YES;
				GCC_WARN_UNINITIALIZED_AUTOS = YES_AGGRESSIVE;
				GCC_WARN_UNUSED_FUNCTION = YES;
				GCC_WARN_UNUSED_VARIABLE = YES;
				IPHONEOS_DEPLOYMENT_TARGET = 15.0;
				MTL_ENABLE_DEBUG_INFO = NO;
				MTL_FAST_MATH = YES;
				SDKROOT = iphoneos;
				SWIFT_COMPILATION_MODE = wholemodule;
				SWIFT_OPTIMIZATION_LEVEL = "-O";
				VALIDATE_PRODUCT = YES;
			};
			name = Release;
		};
		F2CA7B3B27030634004CCBB0 /* Debug */ = {
			isa = XCBuildConfiguration;
			buildSettings = {
				ASSETCATALOG_COMPILER_APPICON_NAME = AppIcon;
				ASSETCATALOG_COMPILER_GLOBAL_ACCENT_COLOR_NAME = AccentColor;
				CODE_SIGN_STYLE = Automatic;
				CURRENT_PROJECT_VERSION = 1;
				DEVELOPMENT_TEAM = Y5PE34DHT4;
				GENERATE_INFOPLIST_FILE = YES;
				INFOPLIST_FILE = githubTest/Info.plist;
				INFOPLIST_KEY_UIApplicationSupportsIndirectInputEvents = YES;
				INFOPLIST_KEY_UILaunchStoryboardName = LaunchScreen;
				INFOPLIST_KEY_UIMainStoryboardFile = Main;
				INFOPLIST_KEY_UISupportedInterfaceOrientations_iPad = "UIInterfaceOrientationPortrait UIInterfaceOrientationPortraitUpsideDown UIInterfaceOrientationLandscapeLeft UIInterfaceOrientationLandscapeRight";
				INFOPLIST_KEY_UISupportedInterfaceOrientations_iPhone = "UIInterfaceOrientationPortrait UIInterfaceOrientationLandscapeLeft UIInterfaceOrientationLandscapeRight";
				LD_RUNPATH_SEARCH_PATHS = (
					"$(inherited)",
					"@executable_path/Frameworks",
				);
				MARKETING_VERSION = 1.0;
				PRODUCT_BUNDLE_IDENTIFIER = com.darktt.personal.company.githubTest;
				PRODUCT_NAME = "$(TARGET_NAME)";
				SWIFT_EMIT_LOC_STRINGS = YES;
				SWIFT_VERSION = 5.0;
				TARGETED_DEVICE_FAMILY = "1,2";
			};
			name = Debug;
		};
		F2CA7B3C27030634004CCBB0 /* Release */ = {
			isa = XCBuildConfiguration;
			buildSettings = {
				ASSETCATALOG_COMPILER_APPICON_NAME = AppIcon;
				ASSETCATALOG_COMPILER_GLOBAL_ACCENT_COLOR_NAME = AccentColor;
				CODE_SIGN_STYLE = Automatic;
				CURRENT_PROJECT_VERSION = 1;
				DEVELOPMENT_TEAM = Y5PE34DHT4;
				GENERATE_INFOPLIST_FILE = YES;
				INFOPLIST_FILE = githubTest/Info.plist;
				INFOPLIST_KEY_UIApplicationSupportsIndirectInputEvents = YES;
				INFOPLIST_KEY_UILaunchStoryboardName = LaunchScreen;
				INFOPLIST_KEY_UIMainStoryboardFile = Main;
				INFOPLIST_KEY_UISupportedInterfaceOrientations_iPad = "UIInterfaceOrientationPortrait UIInterfaceOrientationPortraitUpsideDown UIInterfaceOrientationLandscapeLeft UIInterfaceOrientationLandscapeRight";
				INFOPLIST_KEY_UISupportedInterfaceOrientations_iPhone = "UIInterfaceOrientationPortrait UIInterfaceOrientationLandscapeLeft UIInterfaceOrientationLandscapeRight";
				LD_RUNPATH_SEARCH_PATHS = (
					"$(inherited)",
					"@executable_path/Frameworks",
				);
				MARKETING_VERSION = 1.0;
				PRODUCT_BUNDLE_IDENTIFIER = com.darktt.personal.company.githubTest;
				PRODUCT_NAME = "$(TARGET_NAME)";
				SWIFT_EMIT_LOC_STRINGS = YES;
				SWIFT_VERSION = 5.0;
				TARGETED_DEVICE_FAMILY = "1,2";
			};
			name = Release;
		};
		F2CA7B3E27030634004CCBB0 /* Debug */ = {
			isa = XCBuildConfiguration;
			buildSettings = {
				ALWAYS_EMBED_SWIFT_STANDARD_LIBRARIES = YES;
				BUNDLE_LOADER = "$(TEST_HOST)";
				CODE_SIGN_STYLE = Automatic;
				CURRENT_PROJECT_VERSION = 1;
				GENERATE_INFOPLIST_FILE = YES;
				IPHONEOS_DEPLOYMENT_TARGET = 15.0;
				LD_RUNPATH_SEARCH_PATHS = (
					"$(inherited)",
					"@executable_path/Frameworks",
					"@loader_path/Frameworks",
				);
				MARKETING_VERSION = 1.0;
				PRODUCT_BUNDLE_IDENTIFIER = com.darktt.personal.company.githubTestTests;
				PRODUCT_NAME = "$(TARGET_NAME)";
				SWIFT_EMIT_LOC_STRINGS = NO;
				SWIFT_VERSION = 5.0;
				TARGETED_DEVICE_FAMILY = "1,2";
				TEST_HOST = "$(BUILT_PRODUCTS_DIR)/githubTest.app/githubTest";
			};
			name = Debug;
		};
		F2CA7B3F27030634004CCBB0 /* Release */ = {
			isa = XCBuildConfiguration;
			buildSettings = {
				ALWAYS_EMBED_SWIFT_STANDARD_LIBRARIES = YES;
				BUNDLE_LOADER = "$(TEST_HOST)";
				CODE_SIGN_STYLE = Automatic;
				CURRENT_PROJECT_VERSION = 1;
				GENERATE_INFOPLIST_FILE = YES;
				IPHONEOS_DEPLOYMENT_TARGET = 15.0;
				LD_RUNPATH_SEARCH_PATHS = (
					"$(inherited)",
					"@executable_path/Frameworks",
					"@loader_path/Frameworks",
				);
				MARKETING_VERSION = 1.0;
				PRODUCT_BUNDLE_IDENTIFIER = com.darktt.personal.company.githubTestTests;
				PRODUCT_NAME = "$(TARGET_NAME)";
				SWIFT_EMIT_LOC_STRINGS = NO;
				SWIFT_VERSION = 5.0;
				TARGETED_DEVICE_FAMILY = "1,2";
				TEST_HOST = "$(BUILT_PRODUCTS_DIR)/githubTest.app/githubTest";
			};
			name = Release;
		};
		F2CA7B4127030634004CCBB0 /* Debug */ = {
			isa = XCBuildConfiguration;
			buildSettings = {
				ALWAYS_EMBED_SWIFT_STANDARD_LIBRARIES = YES;
				CODE_SIGN_STYLE = Automatic;
				CURRENT_PROJECT_VERSION = 1;
				GENERATE_INFOPLIST_FILE = YES;
				LD_RUNPATH_SEARCH_PATHS = (
					"$(inherited)",
					"@executable_path/Frameworks",
					"@loader_path/Frameworks",
				);
				MARKETING_VERSION = 1.0;
				PRODUCT_BUNDLE_IDENTIFIER = com.darktt.personal.company.githubTestUITests;
				PRODUCT_NAME = "$(TARGET_NAME)";
				SWIFT_EMIT_LOC_STRINGS = NO;
				SWIFT_VERSION = 5.0;
				TARGETED_DEVICE_FAMILY = "1,2";
				TEST_TARGET_NAME = githubTest;
			};
			name = Debug;
		};
		F2CA7B4227030634004CCBB0 /* Release */ = {
			isa = XCBuildConfiguration;
			buildSettings = {
				ALWAYS_EMBED_SWIFT_STANDARD_LIBRARIES = YES;
				CODE_SIGN_STYLE = Automatic;
				CURRENT_PROJECT_VERSION = 1;
				GENERATE_INFOPLIST_FILE = YES;
				LD_RUNPATH_SEARCH_PATHS = (
					"$(inherited)",
					"@executable_path/Frameworks",
					"@loader_path/Frameworks",
				);
				MARKETING_VERSION = 1.0;
				PRODUCT_BUNDLE_IDENTIFIER = com.darktt.personal.company.githubTestUITests;
				PRODUCT_NAME = "$(TARGET_NAME)";
				SWIFT_EMIT_LOC_STRINGS = NO;
				SWIFT_VERSION = 5.0;
				TARGETED_DEVICE_FAMILY = "1,2";
				TEST_TARGET_NAME = githubTest;
			};
			name = Release;
		};
/* End XCBuildConfiguration section */

/* Begin XCConfigurationList section */
		F2CA7B0B27030633004CCBB0 /* Build configuration list for PBXProject "githubTest" */ = {
			isa = XCConfigurationList;
			buildConfigurations = (
				F2CA7B3827030634004CCBB0 /* Debug */,
				F2CA7B3927030634004CCBB0 /* Release */,
			);
			defaultConfigurationIsVisible = 0;
			defaultConfigurationName = Release;
		};
		F2CA7B3A27030634004CCBB0 /* Build configuration list for PBXNativeTarget "githubTest" */ = {
			isa = XCConfigurationList;
			buildConfigurations = (
				F2CA7B3B27030634004CCBB0 /* Debug */,
				F2CA7B3C27030634004CCBB0 /* Release */,
			);
			defaultConfigurationIsVisible = 0;
			defaultConfigurationName = Release;
		};
		F2CA7B3D27030634004CCBB0 /* Build configuration list for PBXNativeTarget "githubTestTests" */ = {
			isa = XCConfigurationList;
			buildConfigurations = (
				F2CA7B3E27030634004CCBB0 /* Debug */,
				F2CA7B3F27030634004CCBB0 /* Release */,
			);
			defaultConfigurationIsVisible = 0;
			defaultConfigurationName = Release;
		};
		F2CA7B4027030634004CCBB0 /* Build configuration list for PBXNativeTarget "githubTestUITests" */ = {
			isa = XCConfigurationList;
			buildConfigurations = (
				F2CA7B4127030634004CCBB0 /* Debug */,
				F2CA7B4227030634004CCBB0 /* Release */,
			);
			defaultConfigurationIsVisible = 0;
			defaultConfigurationName = Release;
		};
/* End XCConfigurationList section */
	};
	rootObject = F2CA7B0827030633004CCBB0 /* Project object */;
}
